lockfileVersion: '9.0'

settings:
  autoInstallPeers: true
  excludeLinksFromLockfile: false

importers:

  .:
    devDependencies:
      typescript:
        specifier: ^5.5.4
        version: 5.9.3

  packages/git/bundle:
    dependencies:
      '@dsh-git/azuredevops':
        specifier: workspace:*
        version: link:../git-azuredevops
      '@dsh-git/bitbucket':
        specifier: workspace:*
        version: link:../git-bitbucket
      '@dsh-git/core':
        specifier: workspace:*
        version: link:../core
      '@dsh-git/gitea':
        specifier: workspace:*
        version: link:../git-gitea
      '@dsh-git/github':
        specifier: workspace:*
        version: link:../git-github
      '@dsh-git/gitlab':
        specifier: workspace:*
        version: link:../git-gitlab
      '@dsh-git/local':
        specifier: workspace:*
        version: link:../git-local
      '@dsh-git/memory':
        specifier: workspace:*
        version: link:../git-memory
      '@dsh-git/platform':
        specifier: workspace:*
        version: link:../git-platform
      '@dsh-git/tool-git':
        specifier: workspace:*
        version: link:../tool-git
      '@dsh-git/tool-git-memory':
        specifier: workspace:*
        version: link:../tool-git-memory

  packages/git/core:
    devDependencies:
      '@deepseek-ai/cordis':
        specifier: 4.0.1
        version: 4.0.1
      '@deepseek-ai/dsh-llm':
        specifier: 0.1.0-rc.6
        version: 0.1.0-rc.6(@deepseek-ai/cordis@4.0.1)(@deepseek-ai/dsh-attachment@0.1.0-rc.8(@deepseek-ai/cordis@4.0.1)(@deepseek-ai/dsh-brand@0.1.0-rc.8(@deepseek-ai/cordis@4.0.1)(@deepseek-ai/dsh-invariants@0.1.0-rc.8(@deepseek-ai/cordis@4.0.1)))(@deepseek-ai/dsh-invariants@0.1.0-rc.8(@deepseek-ai/cordis@4.0.1)))(@deepseek-ai/dsh-brand@0.1.0-rc.8(@deepseek-ai/cordis@4.0.1)(@deepseek-ai/dsh-invariants@0.1.0-rc.8(@deepseek-ai/cordis@4.0.1)))(@deepseek-ai/dsh-invariants@0.1.0-rc.8(@deepseek-ai/cordis@4.0.1))(@deepseek-ai/dsh-timeout@0.1.0-rc.8(@deepseek-ai/cordis@4.0.1)(@deepseek-ai/dsh-invariants@0.1.0-rc.8(@deepseek-ai/cordis@4.0.1)))
      '@deepseek-ai/dsh-sandbox':
        specifier: 0.1.0-rc.6
        version: 0.1.0-rc.6(@deepseek-ai/cordis@4.0.1)(@deepseek-ai/dsh-invariants@0.1.0-rc.8(@deepseek-ai/cordis@4.0.1))(@deepseek-ai/dsh-llm@0.1.0-rc.6(@deepseek-ai/cordis@4.0.1)(@deepseek-ai/dsh-attachment@0.1.0-rc.8(@deepseek-ai/cordis@4.0.1)(@deepseek-ai/dsh-brand@0.1.0-rc.8(@deepseek-ai/cordis@4.0.1)(@deepseek-ai/dsh-invariants@0.1.0-rc.8(@deepseek-ai/cordis@4.0.1)))(@deepseek-ai/dsh-invariants@0.1.0-rc.8(@deepseek-ai/cordis@4.0.1)))(@deepseek-ai/dsh-brand@0.1.0-rc.8(@deepseek-ai/cordis@4.0.1)(@deepseek-ai/dsh-invariants@0.1.0-rc.8(@deepseek-ai/cordis@4.0.1)))(@deepseek-ai/dsh-invariants@0.1.0-rc.8(@deepseek-ai/cordis@4.0.1))(@deepseek-ai/dsh-timeout@0.1.0-rc.8(@deepseek-ai/cordis@4.0.1)(@deepseek-ai/dsh-invariants@0.1.0-rc.8(@deepseek-ai/cordis@4.0.1))))(@deepseek-ai/dsh-session@0.1.0-rc.8(515a64abed28c4407a732902f61851de))
      typescript:
        specifier: ^5.5.4
        version: 5.9.3

  packages/git/git-azuredevops:
    dependencies:
      '@dsh-git/core':
        specifier: workspace:*
        version: link:../core
    devDependencies:
      '@deepseek-ai/cordis':
        specifier: 4.0.1
        version: 4.0.1
      '@deepseek-ai/dsh-credentials':
        specifier: 0.1.0-rc.6
        version: 0.1.0-rc.6(@deepseek-ai/cordis@4.0.1)(@deepseek-ai/dsh-brand@0.1.0-rc.8(@deepseek-ai/cordis@4.0.1)(@deepseek-ai/dsh-invariants@0.1.0-rc.8(@deepseek-ai/cordis@4.0.1)))(@deepseek-ai/dsh-invariants@0.1.0-rc.8(@deepseek-ai/cordis@4.0.1))
      typescript:
        specifier: ^5.5.4
        version: 5.9.3

  packages/git/git-bitbucket:
    dependencies:
      '@dsh-git/core':
        specifier: workspace:*
        version: link:../core
    devDependencies:
      '@deepseek-ai/cordis':
        specifier: 4.0.1
        version: 4.0.1
      '@deepseek-ai/dsh-credentials':
        specifier: 0.1.0-rc.6
        version: 0.1.0-rc.6(@deepseek-ai/cordis@4.0.1)(@deepseek-ai/dsh-brand@0.1.0-rc.8(@deepseek-ai/cordis@4.0.1)(@deepseek-ai/dsh-invariants@0.1.0-rc.8(@deepseek-ai/cordis@4.0.1)))(@deepseek-ai/dsh-invariants@0.1.0-rc.8(@deepseek-ai/cordis@4.0.1))
      typescript:
        specifier: ^5.5.4
        version: 5.9.3

  packages/git/git-gitea:
    dependencies:
      '@dsh-git/core':
        specifier: workspace:*
        version: link:../core
    devDependencies:
      '@deepseek-ai/cordis':
        specifier: 4.0.1
        version: 4.0.1
      '@deepseek-ai/dsh-credentials':
        specifier: 0.1.0-rc.6
        version: 0.1.0-rc.6(@deepseek-ai/cordis@4.0.1)(@deepseek-ai/dsh-brand@0.1.0-rc.8(@deepseek-ai/cordis@4.0.1)(@deepseek-ai/dsh-invariants@0.1.0-rc.8(@deepseek-ai/cordis@4.0.1)))(@deepseek-ai/dsh-invariants@0.1.0-rc.8(@deepseek-ai/cordis@4.0.1))
      typescript:
        specifier: ^5.5.4
        version: 5.9.3

  packages/git/git-github:
    dependencies:
      '@dsh-git/core':
        specifier: workspace:*
        version: link:../core
    devDependencies:
      '@deepseek-ai/cordis':
        specifier: 4.0.1
        version: 4.0.1
      '@deepseek-ai/dsh-credentials':
        specifier: 0.1.0-rc.6
        version: 0.1.0-rc.6(@deepseek-ai/cordis@4.0.1)(@deepseek-ai/dsh-brand@0.1.0-rc.8(@deepseek-ai/cordis@4.0.1)(@deepseek-ai/dsh-invariants@0.1.0-rc.8(@deepseek-ai/cordis@4.0.1)))(@deepseek-ai/dsh-invariants@0.1.0-rc.8(@deepseek-ai/cordis@4.0.1))
      typescript:
        specifier: ^5.5.4
        version: 5.9.3

  packages/git/git-gitlab:
    dependencies:
      '@dsh-git/core':
        specifier: workspace:*
        version: link:../core
    devDependencies:
      '@deepseek-ai/cordis':
        specifier: 4.0.1
        version: 4.0.1
      '@deepseek-ai/dsh-credentials':
        specifier: 0.1.0-rc.6
        version: 0.1.0-rc.6(@deepseek-ai/cordis@4.0.1)(@deepseek-ai/dsh-brand@0.1.0-rc.8(@deepseek-ai/cordis@4.0.1)(@deepseek-ai/dsh-invariants@0.1.0-rc.8(@deepseek-ai/cordis@4.0.1)))(@deepseek-ai/dsh-invariants@0.1.0-rc.8(@deepseek-ai/cordis@4.0.1))
      typescript:
        specifier: ^5.5.4
        version: 5.9.3

  packages/git/git-local:
    dependencies:
      '@dsh-git/core':
        specifier: workspace:*
        version: link:../core
    devDependencies:
      '@deepseek-ai/cordis':
        specifier: 4.0.1
        version: 4.0.1
      '@deepseek-ai/dsh-sandbox':
        specifier: 0.1.0-rc.6
        version: 0.1.0-rc.6(@deepseek-ai/cordis@4.0.1)(@deepseek-ai/dsh-invariants@0.1.0-rc.8(@deepseek-ai/cordis@4.0.1))(@deepseek-ai/dsh-llm@0.1.0-rc.6(@deepseek-ai/cordis@4.0.1)(@deepseek-ai/dsh-attachment@0.1.0-rc.8(@deepseek-ai/cordis@4.0.1)(@deepseek-ai/dsh-brand@0.1.0-rc.8(@deepseek-ai/cordis@4.0.1)(@deepseek-ai/dsh-invariants@0.1.0-rc.8(@deepseek-ai/cordis@4.0.1)))(@deepseek-ai/dsh-invariants@0.1.0-rc.8(@deepseek-ai/cordis@4.0.1)))(@deepseek-ai/dsh-brand@0.1.0-rc.8(@deepseek-ai/cordis@4.0.1)(@deepseek-ai/dsh-invariants@0.1.0-rc.8(@deepseek-ai/cordis@4.0.1)))(@deepseek-ai/dsh-invariants@0.1.0-rc.8(@deepseek-ai/cordis@4.0.1))(@deepseek-ai/dsh-timeout@0.1.0-rc.8(@deepseek-ai/cordis@4.0.1)(@deepseek-ai/dsh-invariants@0.1.0-rc.8(@deepseek-ai/cordis@4.0.1))))(@deepseek-ai/dsh-session@0.1.0-rc.8(515a64abed28c4407a732902f61851de))
      '@deepseek-ai/dsh-shell':
        specifier: 0.1.0-rc.6
        version: 0.1.0-rc.6(003863b7acfe857083269303f8399bec)
      '@deepseek-ai/schemastery':
        specifier: 3.18.1
        version: 3.18.1
      typescript:
        specifier: ^5.5.4
        version: 5.9.3

  packages/git/git-memory:
    dependencies:
      zod:
        specifier: 4.4.3
        version: 4.4.3
    devDependencies:
      '@deepseek-ai/cordis':
        specifier: 4.0.1
        version: 4.0.1
      '@deepseek-ai/dsh-storage-domain':
        specifier: 0.1.0-rc.6
        version: 0.1.0-rc.6(@deepseek-ai/cordis@4.0.1)(@deepseek-ai/dsh-invariants@0.1.0-rc.8(@deepseek-ai/cordis@4.0.1))(@deepseek-ai/dsh-storage@0.1.0-rc.8(@deepseek-ai/cordis@4.0.1)(@deepseek-ai/dsh-invariants@0.1.0-rc.8(@deepseek-ai/cordis@4.0.1)))
      '@deepseek-ai/dsh-system-prompt':
        specifier: 0.1.0-rc.6
        version: 0.1.0-rc.6(@deepseek-ai/cordis@4.0.1)(@deepseek-ai/dsh-invariants@0.1.0-rc.8(@deepseek-ai/cordis@4.0.1))(@deepseek-ai/dsh-llm@0.1.0-rc.6(@deepseek-ai/cordis@4.0.1)(@deepseek-ai/dsh-attachment@0.1.0-rc.8(@deepseek-ai/cordis@4.0.1)(@deepseek-ai/dsh-brand@0.1.0-rc.8(@deepseek-ai/cordis@4.0.1)(@deepseek-ai/dsh-invariants@0.1.0-rc.8(@deepseek-ai/cordis@4.0.1)))(@deepseek-ai/dsh-invariants@0.1.0-rc.8(@deepseek-ai/cordis@4.0.1)))(@deepseek-ai/dsh-brand@0.1.0-rc.8(@deepseek-ai/cordis@4.0.1)(@deepseek-ai/dsh-invariants@0.1.0-rc.8(@deepseek-ai/cordis@4.0.1)))(@deepseek-ai/dsh-invariants@0.1.0-rc.8(@deepseek-ai/cordis@4.0.1))(@deepseek-ai/dsh-timeout@0.1.0-rc.8(@deepseek-ai/cordis@4.0.1)(@deepseek-ai/dsh-invariants@0.1.0-rc.8(@deepseek-ai/cordis@4.0.1))))(@deepseek-ai/dsh-scope@0.1.0-rc.8(@deepseek-ai/cordis@4.0.1)(@deepseek-ai/dsh-invariants@0.1.0-rc.8(@deepseek-ai/cordis@4.0.1)))
      '@deepseek-ai/dsh-tools':
        specifier: 0.1.0-rc.6
        version: 0.1.0-rc.6(2f68e041d4b02a7b4a108b1e62de972a)
      '@deepseek-ai/schemastery':
        specifier: 3.18.1
        version: 3.18.1
      typescript:
        specifier: ^5.5.4
        version: 5.9.3

  packages/git/git-platform:
    dependencies:
      '@dsh-git/core':
        specifier: workspace:*
        version: link:../core
    devDependencies:
      '@deepseek-ai/cordis':
        specifier: 4.0.1
        version: 4.0.1
      '@deepseek-ai/cordis-plugin-timer':
        specifier: 1.1.3
        version: 1.1.3(@deepseek-ai/cordis@4.0.1)
      '@deepseek-ai/schemastery':
        specifier: 3.18.1
        version: 3.18.1
      typescript:
        specifier: ^5.5.4
        version: 5.9.3

  packages/git/tool-git:
    dependencies:
      '@dsh-git/core':
        specifier: workspace:*
        version: link:../core
    devDependencies:
      '@deepseek-ai/cordis':
        specifier: 4.0.1
        version: 4.0.1
      '@deepseek-ai/dsh-sandbox':
        specifier: 0.1.0-rc.6
        version: 0.1.0-rc.6(@deepseek-ai/cordis@4.0.1)(@deepseek-ai/dsh-invariants@0.1.0-rc.8(@deepseek-ai/cordis@4.0.1))(@deepseek-ai/dsh-llm@0.1.0-rc.6(@deepseek-ai/cordis@4.0.1)(@deepseek-ai/dsh-attachment@0.1.0-rc.8(@deepseek-ai/cordis@4.0.1)(@deepseek-ai/dsh-brand@0.1.0-rc.8(@deepseek-ai/cordis@4.0.1)(@deepseek-ai/dsh-invariants@0.1.0-rc.8(@deepseek-ai/cordis@4.0.1)))(@deepseek-ai/dsh-invariants@0.1.0-rc.8(@deepseek-ai/cordis@4.0.1)))(@deepseek-ai/dsh-brand@0.1.0-rc.8(@deepseek-ai/cordis@4.0.1)(@deepseek-ai/dsh-invariants@0.1.0-rc.8(@deepseek-ai/cordis@4.0.1)))(@deepseek-ai/dsh-invariants@0.1.0-rc.8(@deepseek-ai/cordis@4.0.1))(@deepseek-ai/dsh-timeout@0.1.0-rc.8(@deepseek-ai/cordis@4.0.1)(@deepseek-ai/dsh-invariants@0.1.0-rc.8(@deepseek-ai/cordis@4.0.1))))(@deepseek-ai/dsh-session@0.1.0-rc.8(515a64abed28c4407a732902f61851de))
      '@deepseek-ai/dsh-tools':
        specifier: 0.1.0-rc.6
        version: 0.1.0-rc.6(49ed9aa70feebc595bb2dab9f208751f)
      '@deepseek-ai/dsh-user-approval':
        specifier: 0.1.0-rc.6
        version: 0.1.0-rc.6(bbe3fe06525ac2303af07c0714eebb00)
      '@deepseek-ai/schemastery':
        specifier: 3.18.1
        version: 3.18.1
      typescript:
        specifier: ^5.5.4
        version: 5.9.3

  packages/git/tool-git-memory:
    dependencies:
      '@dsh-git/memory':
        specifier: workspace:*
        version: link:../git-memory
    devDependencies:
      '@deepseek-ai/cordis':
        specifier: 4.0.1
        version: 4.0.1
      '@deepseek-ai/dsh-tools':
        specifier: 0.1.0-rc.6
        version: 0.1.0-rc.6(49ed9aa70feebc595bb2dab9f208751f)
      typescript:
        specifier: ^5.5.4
        version: 5.9.3

packages:

  '@deepseek-ai/cordis-plugin-timer@1.1.3':
    resolution: {integrity: sha512-IOkey1VNmJwYa5U8bksyMOnM7mtirqjjbWLr3xA8QybLMK0sMooG3a6iJwtvd8P3MFwo3FQibEg+JPixp37MEw==}
    peerDependencies:
      '@deepseek-ai/cordis': ^4.0.1

  '@deepseek-ai/cordis@4.0.1':
    resolution: {integrity: sha512-YBdskTU2Po1kru3GgcUWUbkTsPMA9LkSQDAY8rBkFJeajdgcQad3QPJZE26JyK99Xb6HaASvoXg2DSUTeN/0Nw==}
    hasBin: true
    peerDependencies:
      '@deepseek-ai/cordis-plugin-include': ^1.0.6
      '@deepseek-ai/cordis-plugin-loader': ^1.0.2
    peerDependenciesMeta:
      '@deepseek-ai/cordis-plugin-include':
        optional: true
      '@deepseek-ai/cordis-plugin-loader':
        optional: true

  '@deepseek-ai/cosmokit@1.8.2':
    resolution: {integrity: sha512-muBOKtSrUKU5m/xpq8ZXWL6hQ/jgd4PhU2PqH97bcxIiLEJfNwZOGQEx4t/aS/GgxRAR+ra9pMHPMtTHU4sqqA==}

  '@deepseek-ai/dsh-agent@0.1.0-rc.6':
    resolution: {integrity: sha512-vtqq2pWTrzn0dKfj5kREZRpP82AwtGjGx9V1lYnKvF+Uc/a8zyWbSvjDE7V1d3YQAQJzs2cWO31hURWDekDXIA==}
    peerDependencies:
      '@deepseek-ai/cordis': ^4.0.1
      '@deepseek-ai/dsh-invariants': ^0.1.0-rc.6
      '@deepseek-ai/dsh-llm': ^0.1.0-rc.6
      '@deepseek-ai/dsh-scope': ^0.1.0-rc.6
      '@deepseek-ai/dsh-session': ^0.1.0-rc.6
      '@deepseek-ai/dsh-system-prompt': ^0.1.0-rc.6
      '@deepseek-ai/dsh-typert-protocol': ^0.1.0-rc.6

  '@deepseek-ai/dsh-attachment@0.1.0-rc.8':
    resolution: {integrity: sha512-cCrg4WWiav7pGtbdU8dJTpAG28cPnkWVB2YPOrlBCgBbhQziGcG9Dv67Ti6L3PI4OQKC55gYBFinQghFO/7FGg==}
    peerDependencies:
      '@deepseek-ai/cordis': ^4.0.1
      '@deepseek-ai/dsh-brand': ^0.1.0-rc.8
      '@deepseek-ai/dsh-invariants': ^0.1.0-rc.8

  '@deepseek-ai/dsh-brand@0.1.0-rc.8':
    resolution: {integrity: sha512-402aUAfHxIZJrArBV4gDf0I/A/69A/By26FX6HTIOyFmCnB4wUBKh8jnglz1CorKWdZy8AKldAhh8HQhQEbGOQ==}
    peerDependencies:
      '@deepseek-ai/cordis': ^4.0.1
      '@deepseek-ai/dsh-invariants': ^0.1.0-rc.8

  '@deepseek-ai/dsh-code-runtime@0.1.0-rc.8':
    resolution: {integrity: sha512-6ZKyEE7dHH1UkKe5b0lg18Byww/7ocZyrNMVjAoUWEWp5i96Brf9Eavu9q3zepBMDMZJErCfV0pyt7KDhBJSig==}
    peerDependencies:
      '@deepseek-ai/cordis': ^4.0.1
      '@deepseek-ai/dsh-invariants': ^0.1.0-rc.8

  '@deepseek-ai/dsh-credentials@0.1.0-rc.6':
    resolution: {integrity: sha512-zyYRs3A9gxfZjZfONzJdMhM0Gzbslpha+FGYkLDRAozgPj0N7mZdE+Qflx2V4WNrCnsSjuvOW0HFBxWtSRUTUw==}
    peerDependencies:
      '@deepseek-ai/cordis': ^4.0.1
      '@deepseek-ai/dsh-brand': ^0.1.0-rc.6
      '@deepseek-ai/dsh-invariants': ^0.1.0-rc.6

  '@deepseek-ai/dsh-invariants@0.1.0-rc.8':
    resolution: {integrity: sha512-u0lYqyxOYwfsVnbsfGXZos5vFvA4cqFnBEW3/ezgljNwkYwzeUP/Y5wjPnQjP+ZzBn3CnVeIF6s2N2Vk3iA5mQ==}
    peerDependencies:
      '@deepseek-ai/cordis': ^4.0.1

  '@deepseek-ai/dsh-llm@0.1.0-rc.6':
    resolution: {integrity: sha512-kuFGC8bHlzGTwlRxQhXjf3CYWl8M4NzH+EYIkrW8rri4iMc9W53xrdvkil5No/DUlMm8g1u7GdeiWYFy0TMvtA==}
    peerDependencies:
      '@deepseek-ai/cordis': ^4.0.1
      '@deepseek-ai/dsh-attachment': ^0.1.0-rc.6
      '@deepseek-ai/dsh-brand': ^0.1.0-rc.6
      '@deepseek-ai/dsh-invariants': ^0.1.0-rc.6
      '@deepseek-ai/dsh-timeout': ^0.1.0-rc.6

  '@deepseek-ai/dsh-sandbox@0.1.0-rc.6':
    resolution: {integrity: sha512-SLZjuivQQKHTx4H7xlsjraEGGMIEA8BYOwvlm/9uZBrBrlttMU+d8Ne6QYpDcOwIEubL8mvrWRg8j3rtY3lVyA==}
    peerDependencies:
      '@deepseek-ai/cordis': ^4.0.1
      '@deepseek-ai/dsh-invariants': ^0.1.0-rc.6
      '@deepseek-ai/dsh-llm': ^0.1.0-rc.6
      '@deepseek-ai/dsh-session': ^0.1.0-rc.6

  '@deepseek-ai/dsh-scope@0.1.0-rc.8':
    resolution: {integrity: sha512-/o+PxkVV2zUy9lYlMFr4TWSb+ESW4DE+fI891yIbsLzOJdFgfbmmLpGrlWgnz8/unIGJZxjeXdwyppV04Z277Q==}
    peerDependencies:
      '@deepseek-ai/cordis': ^4.0.1
      '@deepseek-ai/dsh-invariants': ^0.1.0-rc.8

  '@deepseek-ai/dsh-session@0.1.0-rc.8':
    resolution: {integrity: sha512-Qs5Mgn32WPPVB4rKHjsZBgLOkh0TQurUAcc9GaDVudK4dUkpno2HDh++qu/PrwRA3CZ/iwPAoFHCpB3AMMaoLg==}
    peerDependencies:
      '@deepseek-ai/cordis': ^4.0.1
      '@deepseek-ai/dsh-brand': ^0.1.0-rc.8
      '@deepseek-ai/dsh-invariants': ^0.1.0-rc.8
      '@deepseek-ai/dsh-llm': ^0.1.0-rc.8
      '@deepseek-ai/dsh-scope': ^0.1.0-rc.8
      '@deepseek-ai/dsh-typert-protocol': ^0.1.0-rc.8

  '@deepseek-ai/dsh-settings@0.1.0-rc.8':
    resolution: {integrity: sha512-pqbMoiSP+Ieww9/4gcHYXcBCDlno1zYDu2OPq+5xdZ+McnK+5YBtHsiRpnR9cHQxGTH7lkfIv+adkOueQW0utg==}
    peerDependencies:
      '@deepseek-ai/cordis': ^4.0.1
      '@deepseek-ai/dsh-brand': ^0.1.0-rc.8
      '@deepseek-ai/dsh-invariants': ^0.1.0-rc.8
      '@deepseek-ai/schemastery': ^3.18.1

  '@deepseek-ai/dsh-shell@0.1.0-rc.6':
    resolution: {integrity: sha512-l/pcwbdpM+Zgp2AzH0kH0z7bPU7L3k4uG1t5Du1V5ilk70tyMSxz2upNfAbjkDHZZZO18LTs33aq+zRWHX1CUg==}
    peerDependencies:
      '@deepseek-ai/cordis': ^4.0.1
      '@deepseek-ai/dsh-invariants': ^0.1.0-rc.6
      '@deepseek-ai/dsh-sandbox': ^0.1.0-rc.6
      '@deepseek-ai/dsh-settings': ^0.1.0-rc.6
      '@deepseek-ai/dsh-subprocess': ^0.1.0-rc.6

  '@deepseek-ai/dsh-storage-domain@0.1.0-rc.6':
    resolution: {integrity: sha512-/5qDCIIf9JNpoRG5VrY/CXFIuch1tDE0H5XREHsKd6LE26TOHcTAUH6gyersFG4e3TPoOLJYDp1+SapFLd7+kQ==}
    peerDependencies:
      '@deepseek-ai/cordis': ^4.0.1
      '@deepseek-ai/dsh-invariants': ^0.1.0-rc.6
      '@deepseek-ai/dsh-storage': ^0.1.0-rc.6

  '@deepseek-ai/dsh-storage@0.1.0-rc.8':
    resolution: {integrity: sha512-KcxiNFAC1X0GhbS9yWGo7FLARBNsxoyU9JatxQtA23MuqOZaN4Nzy3bsMViK4/snzpPGwm//I+wfUywSjM6uBA==}
    peerDependencies:
      '@deepseek-ai/cordis': ^4.0.1
      '@deepseek-ai/dsh-invariants': ^0.1.0-rc.8

  '@deepseek-ai/dsh-subprocess@0.1.0-rc.8':
    resolution: {integrity: sha512-rTWwWCq/WrBTjaXhApu7gaho6UHwMZq0+l7nZ06YMUreNZoCHfg67pAXopMqTgr/iotphmXQdChrLgBabzL1gA==}
    peerDependencies:
      '@deepseek-ai/cordis': ^4.0.1
      '@deepseek-ai/dsh-invariants': ^0.1.0-rc.8

  '@deepseek-ai/dsh-system-prompt@0.1.0-rc.6':
    resolution: {integrity: sha512-E7g+XChh4q4/wX++v56z1pV4SA1Rtz42xkznLPPi9FlXrrzJxwHMOUzBZ9Rz3Y1kLhQ++HJG3ZatmNx3rjFilg==}
    peerDependencies:
      '@deepseek-ai/cordis': ^4.0.1
      '@deepseek-ai/dsh-invariants': ^0.1.0-rc.6
      '@deepseek-ai/dsh-llm': ^0.1.0-rc.6
      '@deepseek-ai/dsh-scope': ^0.1.0-rc.6

  '@deepseek-ai/dsh-system-prompt@0.1.0-rc.8':
    resolution: {integrity: sha512-yk8Z85rzX2EwpKNWA5i+K3I3mqsIIUc9niwbDpXO8vlHvpC2qR3RNHjJIJN2EZYDqfSzTVtkbxHFsuMzDXIbew==}
    peerDependencies:
      '@deepseek-ai/cordis': ^4.0.1
      '@deepseek-ai/dsh-invariants': ^0.1.0-rc.8
      '@deepseek-ai/dsh-llm': ^0.1.0-rc.8
      '@deepseek-ai/dsh-scope': ^0.1.0-rc.8

  '@deepseek-ai/dsh-timeout@0.1.0-rc.8':
    resolution: {integrity: sha512-RwOC/qHribE6b+LStAO7aAgweefLE5sqDO7Uz6/mnTDyJxCt7HNQnE/Op8sAvRa33d752aUkPfO9S0mgzVAoFQ==}
    peerDependencies:
      '@deepseek-ai/cordis': ^4.0.1
      '@deepseek-ai/dsh-invariants': ^0.1.0-rc.8

  '@deepseek-ai/dsh-tools@0.1.0-rc.6':
    resolution: {integrity: sha512-Tu08EPK3JyK0iNjH4FGzu/1uADynNSS6SmwOLdfytUN0YNqwNuKFSt2OJUg19famNlTgy992DcHfDu0T+gLXFg==}
    peerDependencies:
      '@deepseek-ai/cordis': ^4.0.1
      '@deepseek-ai/dsh-agent': ^0.1.0-rc.6
      '@deepseek-ai/dsh-code-runtime': ^0.1.0-rc.6
      '@deepseek-ai/dsh-invariants': ^0.1.0-rc.6
      '@deepseek-ai/dsh-llm': ^0.1.0-rc.6
      '@deepseek-ai/dsh-scope': ^0.1.0-rc.6
      '@deepseek-ai/dsh-session': ^0.1.0-rc.6
      '@deepseek-ai/dsh-system-prompt': ^0.1.0-rc.6
      '@deepseek-ai/dsh-user-approval': ^0.1.0-rc.6

  '@deepseek-ai/dsh-typert-protocol@0.1.0-rc.8':
    resolution: {integrity: sha512-scwEAefRBL7gRpaXiEdiHRMvlr8dLmUbiEvy0LOAX/8X3FZBd/5tHQ/8lCppAQNTDZMI/LSiSMpu5XrFId+7cQ==}
    peerDependencies:
      '@deepseek-ai/cordis': ^4.0.1
      '@deepseek-ai/dsh-invariants': ^0.1.0-rc.8

  '@deepseek-ai/dsh-user-approval@0.1.0-rc.6':
    resolution: {integrity: sha512-9rnkSDGOpu2XUeGwbPeTzVUTFWTND1PMPM5L/ZQPptV5yyZlQiNxM2rCC6OdL+ZVerwxEqrRhZIQn/KVtQfKag==}
    peerDependencies:
      '@deepseek-ai/cordis': ^4.0.1
      '@deepseek-ai/dsh-agent': ^0.1.0-rc.6
      '@deepseek-ai/dsh-brand': ^0.1.0-rc.6
      '@deepseek-ai/dsh-invariants': ^0.1.0-rc.6
      '@deepseek-ai/dsh-llm': ^0.1.0-rc.6
      '@deepseek-ai/dsh-scope': ^0.1.0-rc.6
      '@deepseek-ai/dsh-session': ^0.1.0-rc.6
      '@deepseek-ai/dsh-system-prompt': ^0.1.0-rc.6

  '@deepseek-ai/schemastery@3.18.1':
    resolution: {integrity: sha512-Qn0FCSwCQnpnj6SB31I6i2sIKgKWnkbJM8O0EU91Gv2UsYVvtZTl6IA0sCwk2e2MZf5S8w5hpq9QkeVvK9qwxg==}

  '@standard-schema/spec@1.1.0':
    resolution: {integrity: sha512-l2aFy5jALhniG5HgqrD6jXLi/rUWrKvqN/qJx6yoJsgKhblVd+iqqU4RCXavm/jPityDo5TCvKMnpjKnOriy0w==}

  typescript@5.9.3:
    resolution: {integrity: sha512-jl1vZzPDinLr9eUt3J/t7V6FgNEw9QjvBPdysz9KfQDD41fQrC2Y4vKQdiaUpFT4bXlb1RHhLpp8wtm6M5TgSw==}
    engines: {node: '>=14.17'}
    hasBin: true

  zod@4.4.3:
    resolution: {integrity: sha512-ytENFjIJFl2UwYglde2jchW2Hwm4GJFLDiSXWdTrJQBIN9Fcyp7n4DhxJEiWNAJMV1/BqWfW/kkg71UDcHJyTQ==}

snapshots:

  '@deepseek-ai/cordis-plugin-timer@1.1.3(@deepseek-ai/cordis@4.0.1)':
    dependencies:
      '@deepseek-ai/cordis': 4.0.1
      '@deepseek-ai/cosmokit': 1.8.2

  '@deepseek-ai/cordis@4.0.1':
    dependencies:
      '@deepseek-ai/cosmokit': 1.8.2
      '@standard-schema/spec': 1.1.0

  '@deepseek-ai/cosmokit@1.8.2': {}

  '@deepseek-ai/dsh-agent@0.1.0-rc.6(7a211c14c9f0b676ce5f3d40d717680a)':
    dependencies:
      '@deepseek-ai/cordis': 4.0.1
      '@deepseek-ai/dsh-invariants': 0.1.0-rc.8(@deepseek-ai/cordis@4.0.1)
      '@deepseek-ai/dsh-llm': 0.1.0-rc.6(@deepseek-ai/cordis@4.0.1)(@deepseek-ai/dsh-attachment@0.1.0-rc.8(@deepseek-ai/cordis@4.0.1)(@deepseek-ai/dsh-brand@0.1.0-rc.8(@deepseek-ai/cordis@4.0.1)(@deepseek-ai/dsh-invariants@0.1.0-rc.8(@deepseek-ai/cordis@4.0.1)))(@deepseek-ai/dsh-invariants@0.1.0-rc.8(@deepseek-ai/cordis@4.0.1)))(@deepseek-ai/dsh-brand@0.1.0-rc.8(@deepseek-ai/cordis@4.0.1)(@deepseek-ai/dsh-invariants@0.1.0-rc.8(@deepseek-ai/cordis@4.0.1)))(@deepseek-ai/dsh-invariants@0.1.0-rc.8(@deepseek-ai/cordis@4.0.1))(@deepseek-ai/dsh-timeout@0.1.0-rc.8(@deepseek-ai/cordis@4.0.1)(@deepseek-ai/dsh-invariants@0.1.0-rc.8(@deepseek-ai/cordis@4.0.1)))
      '@deepseek-ai/dsh-scope': 0.1.0-rc.8(@deepseek-ai/cordis@4.0.1)(@deepseek-ai/dsh-invariants@0.1.0-rc.8(@deepseek-ai/cordis@4.0.1))
      '@deepseek-ai/dsh-session': 0.1.0-rc.8(515a64abed28c4407a732902f61851de)
      '@deepseek-ai/dsh-system-prompt': 0.1.0-rc.6(@deepseek-ai/cordis@4.0.1)(@deepseek-ai/dsh-invariants@0.1.0-rc.8(@deepseek-ai/cordis@4.0.1))(@deepseek-ai/dsh-llm@0.1.0-rc.6(@deepseek-ai/cordis@4.0.1)(@deepseek-ai/dsh-attachment@0.1.0-rc.8(@deepseek-ai/cordis@4.0.1)(@deepseek-ai/dsh-brand@0.1.0-rc.8(@deepseek-ai/cordis@4.0.1)(@deepseek-ai/dsh-invariants@0.1.0-rc.8(@deepseek-ai/cordis@4.0.1)))(@deepseek-ai/dsh-invariants@0.1.0-rc.8(@deepseek-ai/cordis@4.0.1)))(@deepseek-ai/dsh-brand@0.1.0-rc.8(@deepseek-ai/cordis@4.0.1)(@deepseek-ai/dsh-invariants@0.1.0-rc.8(@deepseek-ai/cordis@4.0.1)))(@deepseek-ai/dsh-invariants@0.1.0-rc.8(@deepseek-ai/cordis@4.0.1))(@deepseek-ai/dsh-timeout@0.1.0-rc.8(@deepseek-ai/cordis@4.0.1)(@deepseek-ai/dsh-invariants@0.1.0-rc.8(@deepseek-ai/cordis@4.0.1))))(@deepseek-ai/dsh-scope@0.1.0-rc.8(@deepseek-ai/cordis@4.0.1)(@deepseek-ai/dsh-invariants@0.1.0-rc.8(@deepseek-ai/cordis@4.0.1)))
      '@deepseek-ai/dsh-typert-protocol': 0.1.0-rc.8(@deepseek-ai/cordis@4.0.1)(@deepseek-ai/dsh-invariants@0.1.0-rc.8(@deepseek-ai/cordis@4.0.1))

  '@deepseek-ai/dsh-agent@0.1.0-rc.6(887cefc1fafe0c24780af3a871b47dc6)':
    dependencies:
      '@deepseek-ai/cordis': 4.0.1
      '@deepseek-ai/dsh-invariants': 0.1.0-rc.8(@deepseek-ai/cordis@4.0.1)
      '@deepseek-ai/dsh-llm': 0.1.0-rc.6(@deepseek-ai/cordis@4.0.1)(@deepseek-ai/dsh-attachment@0.1.0-rc.8(@deepseek-ai/cordis@4.0.1)(@deepseek-ai/dsh-brand@0.1.0-rc.8(@deepseek-ai/cordis@4.0.1)(@deepseek-ai/dsh-invariants@0.1.0-rc.8(@deepseek-ai/cordis@4.0.1)))(@deepseek-ai/dsh-invariants@0.1.0-rc.8(@deepseek-ai/cordis@4.0.1)))(@deepseek-ai/dsh-brand@0.1.0-rc.8(@deepseek-ai/cordis@4.0.1)(@deepseek-ai/dsh-invariants@0.1.0-rc.8(@deepseek-ai/cordis@4.0.1)))(@deepseek-ai/dsh-invariants@0.1.0-rc.8(@deepseek-ai/cordis@4.0.1))(@deepseek-ai/dsh-timeout@0.1.0-rc.8(@deepseek-ai/cordis@4.0.1)(@deepseek-ai/dsh-invariants@0.1.0-rc.8(@deepseek-ai/cordis@4.0.1)))
      '@deepseek-ai/dsh-scope': 0.1.0-rc.8(@deepseek-ai/cordis@4.0.1)(@deepseek-ai/dsh-invariants@0.1.0-rc.8(@deepseek-ai/cordis@4.0.1))
      '@deepseek-ai/dsh-session': 0.1.0-rc.8(515a64abed28c4407a732902f61851de)
      '@deepseek-ai/dsh-system-prompt': 0.1.0-rc.8(@deepseek-ai/cordis@4.0.1)(@deepseek-ai/dsh-invariants@0.1.0-rc.8(@deepseek-ai/cordis@4.0.1))(@deepseek-ai/dsh-llm@0.1.0-rc.6(@deepseek-ai/cordis@4.0.1)(@deepseek-ai/dsh-attachment@0.1.0-rc.8(@deepseek-ai/cordis@4.0.1)(@deepseek-ai/dsh-brand@0.1.0-rc.8(@deepseek-ai/cordis@4.0.1)(@deepseek-ai/dsh-invariants@0.1.0-rc.8(@deepseek-ai/cordis@4.0.1)))(@deepseek-ai/dsh-invariants@0.1.0-rc.8(@deepseek-ai/cordis@4.0.1)))(@deepseek-ai/dsh-brand@0.1.0-rc.8(@deepseek-ai/cordis@4.0.1)(@deepseek-ai/dsh-invariants@0.1.0-rc.8(@deepseek-ai/cordis@4.0.1)))(@deepseek-ai/dsh-invariants@0.1.0-rc.8(@deepseek-ai/cordis@4.0.1))(@deepseek-ai/dsh-timeout@0.1.0-rc.8(@deepseek-ai/cordis@4.0.1)(@deepseek-ai/dsh-invariants@0.1.0-rc.8(@deepseek-ai/cordis@4.0.1))))(@deepseek-ai/dsh-scope@0.1.0-rc.8(@deepseek-ai/cordis@4.0.1)(@deepseek-ai/dsh-invariants@0.1.0-rc.8(@deepseek-ai/cordis@4.0.1)))
      '@deepseek-ai/dsh-typert-protocol': 0.1.0-rc.8(@deepseek-ai/cordis@4.0.1)(@deepseek-ai/dsh-invariants@0.1.0-rc.8(@deepseek-ai/cordis@4.0.1))

  '@deepseek-ai/dsh-attachment@0.1.0-rc.8(@deepseek-ai/cordis@4.0.1)(@deepseek-ai/dsh-brand@0.1.0-rc.8(@deepseek-ai/cordis@4.0.1)(@deepseek-ai/dsh-invariants@0.1.0-rc.8(@deepseek-ai/cordis@4.0.1)))(@deepseek-ai/dsh-invariants@0.1.0-rc.8(@deepseek-ai/cordis@4.0.1))':
    dependencies:
      '@deepseek-ai/cordis': 4.0.1
      '@deepseek-ai/dsh-brand': 0.1.0-rc.8(@deepseek-ai/cordis@4.0.1)(@deepseek-ai/dsh-invariants@0.1.0-rc.8(@deepseek-ai/cordis@4.0.1))
      '@deepseek-ai/dsh-invariants': 0.1.0-rc.8(@deepseek-ai/cordis@4.0.1)

  '@deepseek-ai/dsh-brand@0.1.0-rc.8(@deepseek-ai/cordis@4.0.1)(@deepseek-ai/dsh-invariants@0.1.0-rc.8(@deepseek-ai/cordis@4.0.1))':
    dependencies:
      '@deepseek-ai/cordis': 4.0.1
      '@deepseek-ai/dsh-invariants': 0.1.0-rc.8(@deepseek-ai/cordis@4.0.1)

  '@deepseek-ai/dsh-code-runtime@0.1.0-rc.8(@deepseek-ai/cordis@4.0.1)(@deepseek-ai/dsh-invariants@0.1.0-rc.8(@deepseek-ai/cordis@4.0.1))':
    dependencies:
      '@deepseek-ai/cordis': 4.0.1
      '@deepseek-ai/dsh-invariants': 0.1.0-rc.8(@deepseek-ai/cordis@4.0.1)

  '@deepseek-ai/dsh-credentials@0.1.0-rc.6(@deepseek-ai/cordis@4.0.1)(@deepseek-ai/dsh-brand@0.1.0-rc.8(@deepseek-ai/cordis@4.0.1)(@deepseek-ai/dsh-invariants@0.1.0-rc.8(@deepseek-ai/cordis@4.0.1)))(@deepseek-ai/dsh-invariants@0.1.0-rc.8(@deepseek-ai/cordis@4.0.1))':
    dependencies:
      '@deepseek-ai/cordis': 4.0.1
      '@deepseek-ai/dsh-brand': 0.1.0-rc.8(@deepseek-ai/cordis@4.0.1)(@deepseek-ai/dsh-invariants@0.1.0-rc.8(@deepseek-ai/cordis@4.0.1))
      '@deepseek-ai/dsh-invariants': 0.1.0-rc.8(@deepseek-ai/cordis@4.0.1)

  '@deepseek-ai/dsh-invariants@0.1.0-rc.8(@deepseek-ai/cordis@4.0.1)':
    dependencies:
      '@deepseek-ai/cordis': 4.0.1
      '@deepseek-ai/schemastery': 3.18.1

  '@deepseek-ai/dsh-llm@0.1.0-rc.6(@deepseek-ai/cordis@4.0.1)(@deepseek-ai/dsh-attachment@0.1.0-rc.8(@deepseek-ai/cordis@4.0.1)(@deepseek-ai/dsh-brand@0.1.0-rc.8(@deepseek-ai/cordis@4.0.1)(@deepseek-ai/dsh-invariants@0.1.0-rc.8(@deepseek-ai/cordis@4.0.1)))(@deepseek-ai/dsh-invariants@0.1.0-rc.8(@deepseek-ai/cordis@4.0.1)))(@deepseek-ai/dsh-brand@0.1.0-rc.8(@deepseek-ai/cordis@4.0.1)(@deepseek-ai/dsh-invariants@0.1.0-rc.8(@deepseek-ai/cordis@4.0.1)))(@deepseek-ai/dsh-invariants@0.1.0-rc.8(@deepseek-ai/cordis@4.0.1))(@deepseek-ai/dsh-timeout@0.1.0-rc.8(@deepseek-ai/cordis@4.0.1)(@deepseek-ai/dsh-invariants@0.1.0-rc.8(@deepseek-ai/cordis@4.0.1)))':
    dependencies:
      '@deepseek-ai/cordis': 4.0.1
      '@deepseek-ai/dsh-attachment': 0.1.0-rc.8(@deepseek-ai/cordis@4.0.1)(@deepseek-ai/dsh-brand@0.1.0-rc.8(@deepseek-ai/cordis@4.0.1)(@deepseek-ai/dsh-invariants@0.1.0-rc.8(@deepseek-ai/cordis@4.0.1)))(@deepseek-ai/dsh-invariants@0.1.0-rc.8(@deepseek-ai/cordis@4.0.1))
      '@deepseek-ai/dsh-brand': 0.1.0-rc.8(@deepseek-ai/cordis@4.0.1)(@deepseek-ai/dsh-invariants@0.1.0-rc.8(@deepseek-ai/cordis@4.0.1))
      '@deepseek-ai/dsh-invariants': 0.1.0-rc.8(@deepseek-ai/cordis@4.0.1)
      '@deepseek-ai/dsh-timeout': 0.1.0-rc.8(@deepseek-ai/cordis@4.0.1)(@deepseek-ai/dsh-invariants@0.1.0-rc.8(@deepseek-ai/cordis@4.0.1))
      '@deepseek-ai/schemastery': 3.18.1

  '@deepseek-ai/dsh-sandbox@0.1.0-rc.6(@deepseek-ai/cordis@4.0.1)(@deepseek-ai/dsh-invariants@0.1.0-rc.8(@deepseek-ai/cordis@4.0.1))(@deepseek-ai/dsh-llm@0.1.0-rc.6(@deepseek-ai/cordis@4.0.1)(@deepseek-ai/dsh-attachment@0.1.0-rc.8(@deepseek-ai/cordis@4.0.1)(@deepseek-ai/dsh-brand@0.1.0-rc.8(@deepseek-ai/cordis@4.0.1)(@deepseek-ai/dsh-invariants@0.1.0-rc.8(@deepseek-ai/cordis@4.0.1)))(@deepseek-ai/dsh-invariants@0.1.0-rc.8(@deepseek-ai/cordis@4.0.1)))(@deepseek-ai/dsh-brand@0.1.0-rc.8(@deepseek-ai/cordis@4.0.1)(@deepseek-ai/dsh-invariants@0.1.0-rc.8(@deepseek-ai/cordis@4.0.1)))(@deepseek-ai/dsh-invariants@0.1.0-rc.8(@deepseek-ai/cordis@4.0.1))(@deepseek-ai/dsh-timeout@0.1.0-rc.8(@deepseek-ai/cordis@4.0.1)(@deepseek-ai/dsh-invariants@0.1.0-rc.8(@deepseek-ai/cordis@4.0.1))))(@deepseek-ai/dsh-session@0.1.0-rc.8(515a64abed28c4407a732902f61851de))':
    dependencies:
      '@deepseek-ai/cordis': 4.0.1
      '@deepseek-ai/dsh-invariants': 0.1.0-rc.8(@deepseek-ai/cordis@4.0.1)
      '@deepseek-ai/dsh-llm': 0.1.0-rc.6(@deepseek-ai/cordis@4.0.1)(@deepseek-ai/dsh-attachment@0.1.0-rc.8(@deepseek-ai/cordis@4.0.1)(@deepseek-ai/dsh-brand@0.1.0-rc.8(@deepseek-ai/cordis@4.0.1)(@deepseek-ai/dsh-invariants@0.1.0-rc.8(@deepseek-ai/cordis@4.0.1)))(@deepseek-ai/dsh-invariants@0.1.0-rc.8(@deepseek-ai/cordis@4.0.1)))(@deepseek-ai/dsh-brand@0.1.0-rc.8(@deepseek-ai/cordis@4.0.1)(@deepseek-ai/dsh-invariants@0.1.0-rc.8(@deepseek-ai/cordis@4.0.1)))(@deepseek-ai/dsh-invariants@0.1.0-rc.8(@deepseek-ai/cordis@4.0.1))(@deepseek-ai/dsh-timeout@0.1.0-rc.8(@deepseek-ai/cordis@4.0.1)(@deepseek-ai/dsh-invariants@0.1.0-rc.8(@deepseek-ai/cordis@4.0.1)))
      '@deepseek-ai/dsh-session': 0.1.0-rc.8(515a64abed28c4407a732902f61851de)

  '@deepseek-ai/dsh-scope@0.1.0-rc.8(@deepseek-ai/cordis@4.0.1)(@deepseek-ai/dsh-invariants@0.1.0-rc.8(@deepseek-ai/cordis@4.0.1))':
    dependencies:
      '@deepseek-ai/cordis': 4.0.1
      '@deepseek-ai/dsh-invariants': 0.1.0-rc.8(@deepseek-ai/cordis@4.0.1)

  '@deepseek-ai/dsh-session@0.1.0-rc.8(515a64abed28c4407a732902f61851de)':
    dependencies:
      '@deepseek-ai/cordis': 4.0.1
      '@deepseek-ai/dsh-brand': 0.1.0-rc.8(@deepseek-ai/cordis@4.0.1)(@deepseek-ai/dsh-invariants@0.1.0-rc.8(@deepseek-ai/cordis@4.0.1))
      '@deepseek-ai/dsh-invariants': 0.1.0-rc.8(@deepseek-ai/cordis@4.0.1)
      '@deepseek-ai/dsh-llm': 0.1.0-rc.6(@deepseek-ai/cordis@4.0.1)(@deepseek-ai/dsh-attachment@0.1.0-rc.8(@deepseek-ai/cordis@4.0.1)(@deepseek-ai/dsh-brand@0.1.0-rc.8(@deepseek-ai/cordis@4.0.1)(@deepseek-ai/dsh-invariants@0.1.0-rc.8(@deepseek-ai/cordis@4.0.1)))(@deepseek-ai/dsh-invariants@0.1.0-rc.8(@deepseek-ai/cordis@4.0.1)))(@deepseek-ai/dsh-brand@0.1.0-rc.8(@deepseek-ai/cordis@4.0.1)(@deepseek-ai/dsh-invariants@0.1.0-rc.8(@deepseek-ai/cordis@4.0.1)))(@deepseek-ai/dsh-invariants@0.1.0-rc.8(@deepseek-ai/cordis@4.0.1))(@deepseek-ai/dsh-timeout@0.1.0-rc.8(@deepseek-ai/cordis@4.0.1)(@deepseek-ai/dsh-invariants@0.1.0-rc.8(@deepseek-ai/cordis@4.0.1)))
      '@deepseek-ai/dsh-scope': 0.1.0-rc.8(@deepseek-ai/cordis@4.0.1)(@deepseek-ai/dsh-invariants@0.1.0-rc.8(@deepseek-ai/cordis@4.0.1))
      '@deepseek-ai/dsh-typert-protocol': 0.1.0-rc.8(@deepseek-ai/cordis@4.0.1)(@deepseek-ai/dsh-invariants@0.1.0-rc.8(@deepseek-ai/cordis@4.0.1))

  '@deepseek-ai/dsh-settings@0.1.0-rc.8(@deepseek-ai/cordis@4.0.1)(@deepseek-ai/dsh-brand@0.1.0-rc.8(@deepseek-ai/cordis@4.0.1)(@deepseek-ai/dsh-invariants@0.1.0-rc.8(@deepseek-ai/cordis@4.0.1)))(@deepseek-ai/dsh-invariants@0.1.0-rc.8(@deepseek-ai/cordis@4.0.1))(@deepseek-ai/schemastery@3.18.1)':
    dependencies:
      '@deepseek-ai/cordis': 4.0.1
      '@deepseek-ai/dsh-brand': 0.1.0-rc.8(@deepseek-ai/cordis@4.0.1)(@deepseek-ai/dsh-invariants@0.1.0-rc.8(@deepseek-ai/cordis@4.0.1))
      '@deepseek-ai/dsh-invariants': 0.1.0-rc.8(@deepseek-ai/cordis@4.0.1)
      '@deepseek-ai/schemastery': 3.18.1

  '@deepseek-ai/dsh-shell@0.1.0-rc.6(003863b7acfe857083269303f8399bec)':
    dependencies:
      '@deepseek-ai/cordis': 4.0.1
      '@deepseek-ai/dsh-invariants': 0.1.0-rc.8(@deepseek-ai/cordis@4.0.1)
      '@deepseek-ai/dsh-sandbox': 0.1.0-rc.6(@deepseek-ai/cordis@4.0.1)(@deepseek-ai/dsh-invariants@0.1.0-rc.8(@deepseek-ai/cordis@4.0.1))(@deepseek-ai/dsh-llm@0.1.0-rc.6(@deepseek-ai/cordis@4.0.1)(@deepseek-ai/dsh-attachment@0.1.0-rc.8(@deepseek-ai/cordis@4.0.1)(@deepseek-ai/dsh-brand@0.1.0-rc.8(@deepseek-ai/cordis@4.0.1)(@deepseek-ai/dsh-invariants@0.1.0-rc.8(@deepseek-ai/cordis@4.0.1)))(@deepseek-ai/dsh-invariants@0.1.0-rc.8(@deepseek-ai/cordis@4.0.1)))(@deepseek-ai/dsh-brand@0.1.0-rc.8(@deepseek-ai/cordis@4.0.1)(@deepseek-ai/dsh-invariants@0.1.0-rc.8(@deepseek-ai/cordis@4.0.1)))(@deepseek-ai/dsh-invariants@0.1.0-rc.8(@deepseek-ai/cordis@4.0.1))(@deepseek-ai/dsh-timeout@0.1.0-rc.8(@deepseek-ai/cordis@4.0.1)(@deepseek-ai/dsh-invariants@0.1.0-rc.8(@deepseek-ai/cordis@4.0.1))))(@deepseek-ai/dsh-session@0.1.0-rc.8(515a64abed28c4407a732902f61851de))
      '@deepseek-ai/dsh-settings': 0.1.0-rc.8(@deepseek-ai/cordis@4.0.1)(@deepseek-ai/dsh-brand@0.1.0-rc.8(@deepseek-ai/cordis@4.0.1)(@deepseek-ai/dsh-invariants@0.1.0-rc.8(@deepseek-ai/cordis@4.0.1)))(@deepseek-ai/dsh-invariants@0.1.0-rc.8(@deepseek-ai/cordis@4.0.1))(@deepseek-ai/schemastery@3.18.1)
      '@deepseek-ai/dsh-subprocess': 0.1.0-rc.8(@deepseek-ai/cordis@4.0.1)(@deepseek-ai/dsh-invariants@0.1.0-rc.8(@deepseek-ai/cordis@4.0.1))

  '@deepseek-ai/dsh-storage-domain@0.1.0-rc.6(@deepseek-ai/cordis@4.0.1)(@deepseek-ai/dsh-invariants@0.1.0-rc.8(@deepseek-ai/cordis@4.0.1))(@deepseek-ai/dsh-storage@0.1.0-rc.8(@deepseek-ai/cordis@4.0.1)(@deepseek-ai/dsh-invariants@0.1.0-rc.8(@deepseek-ai/cordis@4.0.1)))':
    dependencies:
      '@deepseek-ai/cordis': 4.0.1
      '@deepseek-ai/dsh-invariants': 0.1.0-rc.8(@deepseek-ai/cordis@4.0.1)
      '@deepseek-ai/dsh-storage': 0.1.0-rc.8(@deepseek-ai/cordis@4.0.1)(@deepseek-ai/dsh-invariants@0.1.0-rc.8(@deepseek-ai/cordis@4.0.1))
      '@deepseek-ai/schemastery': 3.18.1
      zod: 4.4.3

  '@deepseek-ai/dsh-storage@0.1.0-rc.8(@deepseek-ai/cordis@4.0.1)(@deepseek-ai/dsh-invariants@0.1.0-rc.8(@deepseek-ai/cordis@4.0.1))':
    dependencies:
      '@deepseek-ai/cordis': 4.0.1
      '@deepseek-ai/dsh-invariants': 0.1.0-rc.8(@deepseek-ai/cordis@4.0.1)

  '@deepseek-ai/dsh-subprocess@0.1.0-rc.8(@deepseek-ai/cordis@4.0.1)(@deepseek-ai/dsh-invariants@0.1.0-rc.8(@deepseek-ai/cordis@4.0.1))':
    dependencies:
      '@deepseek-ai/cordis': 4.0.1
      '@deepseek-ai/dsh-invariants': 0.1.0-rc.8(@deepseek-ai/cordis@4.0.1)

  '@deepseek-ai/dsh-system-prompt@0.1.0-rc.6(@deepseek-ai/cordis@4.0.1)(@deepseek-ai/dsh-invariants@0.1.0-rc.8(@deepseek-ai/cordis@4.0.1))(@deepseek-ai/dsh-llm@0.1.0-rc.6(@deepseek-ai/cordis@4.0.1)(@deepseek-ai/dsh-attachment@0.1.0-rc.8(@deepseek-ai/cordis@4.0.1)(@deepseek-ai/dsh-brand@0.1.0-rc.8(@deepseek-ai/cordis@4.0.1)(@deepseek-ai/dsh-invariants@0.1.0-rc.8(@deepseek-ai/cordis@4.0.1)))(@deepseek-ai/dsh-invariants@0.1.0-rc.8(@deepseek-ai/cordis@4.0.1)))(@deepseek-ai/dsh-brand@0.1.0-rc.8(@deepseek-ai/cordis@4.0.1)(@deepseek-ai/dsh-invariants@0.1.0-rc.8(@deepseek-ai/cordis@4.0.1)))(@deepseek-ai/dsh-invariants@0.1.0-rc.8(@deepseek-ai/cordis@4.0.1))(@deepseek-ai/dsh-timeout@0.1.0-rc.8(@deepseek-ai/cordis@4.0.1)(@deepseek-ai/dsh-invariants@0.1.0-rc.8(@deepseek-ai/cordis@4.0.1))))(@deepseek-ai/dsh-scope@0.1.0-rc.8(@deepseek-ai/cordis@4.0.1)(@deepseek-ai/dsh-invariants@0.1.0-rc.8(@deepseek-ai/cordis@4.0.1)))':
    dependencies:
      '@deepseek-ai/cordis': 4.0.1
      '@deepseek-ai/dsh-invariants': 0.1.0-rc.8(@deepseek-ai/cordis@4.0.1)
      '@deepseek-ai/dsh-llm': 0.1.0-rc.6(@deepseek-ai/cordis@4.0.1)(@deepseek-ai/dsh-attachment@0.1.0-rc.8(@deepseek-ai/cordis@4.0.1)(@deepseek-ai/dsh-brand@0.1.0-rc.8(@deepseek-ai/cordis@4.0.1)(@deepseek-ai/dsh-invariants@0.1.0-rc.8(@deepseek-ai/cordis@4.0.1)))(@deepseek-ai/dsh-invariants@0.1.0-rc.8(@deepseek-ai/cordis@4.0.1)))(@deepseek-ai/dsh-brand@0.1.0-rc.8(@deepseek-ai/cordis@4.0.1)(@deepseek-ai/dsh-invariants@0.1.0-rc.8(@deepseek-ai/cordis@4.0.1)))(@deepseek-ai/dsh-invariants@0.1.0-rc.8(@deepseek-ai/cordis@4.0.1))(@deepseek-ai/dsh-timeout@0.1.0-rc.8(@deepseek-ai/cordis@4.0.1)(@deepseek-ai/dsh-invariants@0.1.0-rc.8(@deepseek-ai/cordis@4.0.1)))
      '@deepseek-ai/dsh-scope': 0.1.0-rc.8(@deepseek-ai/cordis@4.0.1)(@deepseek-ai/dsh-invariants@0.1.0-rc.8(@deepseek-ai/cordis@4.0.1))
      '@deepseek-ai/schemastery': 3.18.1

  '@deepseek-ai/dsh-system-prompt@0.1.0-rc.8(@deepseek-ai/cordis@4.0.1)(@deepseek-ai/dsh-invariants@0.1.0-rc.8(@deepseek-ai/cordis@4.0.1))(@deepseek-ai/dsh-llm@0.1.0-rc.6(@deepseek-ai/cordis@4.0.1)(@deepseek-ai/dsh-attachment@0.1.0-rc.8(@deepseek-ai/cordis@4.0.1)(@deepseek-ai/dsh-brand@0.1.0-rc.8(@deepseek-ai/cordis@4.0.1)(@deepseek-ai/dsh-invariants@0.1.0-rc.8(@deepseek-ai/cordis@4.0.1)))(@deepseek-ai/dsh-invariants@0.1.0-rc.8(@deepseek-ai/cordis@4.0.1)))(@deepseek-ai/dsh-brand@0.1.0-rc.8(@deepseek-ai/cordis@4.0.1)(@deepseek-ai/dsh-invariants@0.1.0-rc.8(@deepseek-ai/cordis@4.0.1)))(@deepseek-ai/dsh-invariants@0.1.0-rc.8(@deepseek-ai/cordis@4.0.1))(@deepseek-ai/dsh-timeout@0.1.0-rc.8(@deepseek-ai/cordis@4.0.1)(@deepseek-ai/dsh-invariants@0.1.0-rc.8(@deepseek-ai/cordis@4.0.1))))(@deepseek-ai/dsh-scope@0.1.0-rc.8(@deepseek-ai/cordis@4.0.1)(@deepseek-ai/dsh-invariants@0.1.0-rc.8(@deepseek-ai/cordis@4.0.1)))':
    dependencies:
      '@deepseek-ai/cordis': 4.0.1
      '@deepseek-ai/dsh-invariants': 0.1.0-rc.8(@deepseek-ai/cordis@4.0.1)
      '@deepseek-ai/dsh-llm': 0.1.0-rc.6(@deepseek-ai/cordis@4.0.1)(@deepseek-ai/dsh-attachment@0.1.0-rc.8(@deepseek-ai/cordis@4.0.1)(@deepseek-ai/dsh-brand@0.1.0-rc.8(@deepseek-ai/cordis@4.0.1)(@deepseek-ai/dsh-invariants@0.1.0-rc.8(@deepseek-ai/cordis@4.0.1)))(@deepseek-ai/dsh-invariants@0.1.0-rc.8(@deepseek-ai/cordis@4.0.1)))(@deepseek-ai/dsh-brand@0.1.0-rc.8(@deepseek-ai/cordis@4.0.1)(@deepseek-ai/dsh-invariants@0.1.0-rc.8(@deepseek-ai/cordis@4.0.1)))(@deepseek-ai/dsh-invariants@0.1.0-rc.8(@deepseek-ai/cordis@4.0.1))(@deepseek-ai/dsh-timeout@0.1.0-rc.8(@deepseek-ai/cordis@4.0.1)(@deepseek-ai/dsh-invariants@0.1.0-rc.8(@deepseek-ai/cordis@4.0.1)))
      '@deepseek-ai/dsh-scope': 0.1.0-rc.8(@deepseek-ai/cordis@4.0.1)(@deepseek-ai/dsh-invariants@0.1.0-rc.8(@deepseek-ai/cordis@4.0.1))
      '@deepseek-ai/schemastery': 3.18.1

  '@deepseek-ai/dsh-timeout@0.1.0-rc.8(@deepseek-ai/cordis@4.0.1)(@deepseek-ai/dsh-invariants@0.1.0-rc.8(@deepseek-ai/cordis@4.0.1))':
    dependencies:
      '@deepseek-ai/cordis': 4.0.1
      '@deepseek-ai/dsh-invariants': 0.1.0-rc.8(@deepseek-ai/cordis@4.0.1)

  '@deepseek-ai/dsh-tools@0.1.0-rc.6(2f68e041d4b02a7b4a108b1e62de972a)':
    dependencies:
      '@deepseek-ai/cordis': 4.0.1
      '@deepseek-ai/dsh-agent': 0.1.0-rc.6(7a211c14c9f0b676ce5f3d40d717680a)
      '@deepseek-ai/dsh-code-runtime': 0.1.0-rc.8(@deepseek-ai/cordis@4.0.1)(@deepseek-ai/dsh-invariants@0.1.0-rc.8(@deepseek-ai/cordis@4.0.1))
      '@deepseek-ai/dsh-invariants': 0.1.0-rc.8(@deepseek-ai/cordis@4.0.1)
      '@deepseek-ai/dsh-llm': 0.1.0-rc.6(@deepseek-ai/cordis@4.0.1)(@deepseek-ai/dsh-attachment@0.1.0-rc.8(@deepseek-ai/cordis@4.0.1)(@deepseek-ai/dsh-brand@0.1.0-rc.8(@deepseek-ai/cordis@4.0.1)(@deepseek-ai/dsh-invariants@0.1.0-rc.8(@deepseek-ai/cordis@4.0.1)))(@deepseek-ai/dsh-invariants@0.1.0-rc.8(@deepseek-ai/cordis@4.0.1)))(@deepseek-ai/dsh-brand@0.1.0-rc.8(@deepseek-ai/cordis@4.0.1)(@deepseek-ai/dsh-invariants@0.1.0-rc.8(@deepseek-ai/cordis@4.0.1)))(@deepseek-ai/dsh-invariants@0.1.0-rc.8(@deepseek-ai/cordis@4.0.1))(@deepseek-ai/dsh-timeout@0.1.0-rc.8(@deepseek-ai/cordis@4.0.1)(@deepseek-ai/dsh-invariants@0.1.0-rc.8(@deepseek-ai/cordis@4.0.1)))
      '@deepseek-ai/dsh-scope': 0.1.0-rc.8(@deepseek-ai/cordis@4.0.1)(@deepseek-ai/dsh-invariants@0.1.0-rc.8(@deepseek-ai/cordis@4.0.1))
      '@deepseek-ai/dsh-session': 0.1.0-rc.8(515a64abed28c4407a732902f61851de)
      '@deepseek-ai/dsh-system-prompt': 0.1.0-rc.6(@deepseek-ai/cordis@4.0.1)(@deepseek-ai/dsh-invariants@0.1.0-rc.8(@deepseek-ai/cordis@4.0.1))(@deepseek-ai/dsh-llm@0.1.0-rc.6(@deepseek-ai/cordis@4.0.1)(@deepseek-ai/dsh-attachment@0.1.0-rc.8(@deepseek-ai/cordis@4.0.1)(@deepseek-ai/dsh-brand@0.1.0-rc.8(@deepseek-ai/cordis@4.0.1)(@deepseek-ai/dsh-invariants@0.1.0-rc.8(@deepseek-ai/cordis@4.0.1)))(@deepseek-ai/dsh-invariants@0.1.0-rc.8(@deepseek-ai/cordis@4.0.1)))(@deepseek-ai/dsh-brand@0.1.0-rc.8(@deepseek-ai/cordis@4.0.1)(@deepseek-ai/dsh-invariants@0.1.0-rc.8(@deepseek-ai/cordis@4.0.1)))(@deepseek-ai/dsh-invariants@0.1.0-rc.8(@deepseek-ai/cordis@4.0.1))(@deepseek-ai/dsh-timeout@0.1.0-rc.8(@deepseek-ai/cordis@4.0.1)(@deepseek-ai/dsh-invariants@0.1.0-rc.8(@deepseek-ai/cordis@4.0.1))))(@deepseek-ai/dsh-scope@0.1.0-rc.8(@deepseek-ai/cordis@4.0.1)(@deepseek-ai/dsh-invariants@0.1.0-rc.8(@deepseek-ai/cordis@4.0.1)))
      '@deepseek-ai/dsh-user-approval': 0.1.0-rc.6(ccb92e0d29447fe473b2773aadf9df7c)
      '@deepseek-ai/schemastery': 3.18.1

  '@deepseek-ai/dsh-tools@0.1.0-rc.6(49ed9aa70feebc595bb2dab9f208751f)':
    dependencies:
      '@deepseek-ai/cordis': 4.0.1
      '@deepseek-ai/dsh-agent': 0.1.0-rc.6(887cefc1fafe0c24780af3a871b47dc6)
      '@deepseek-ai/dsh-code-runtime': 0.1.0-rc.8(@deepseek-ai/cordis@4.0.1)(@deepseek-ai/dsh-invariants@0.1.0-rc.8(@deepseek-ai/cordis@4.0.1))
      '@deepseek-ai/dsh-invariants': 0.1.0-rc.8(@deepseek-ai/cordis@4.0.1)
      '@deepseek-ai/dsh-llm': 0.1.0-rc.6(@deepseek-ai/cordis@4.0.1)(@deepseek-ai/dsh-attachment@0.1.0-rc.8(@deepseek-ai/cordis@4.0.1)(@deepseek-ai/dsh-brand@0.1.0-rc.8(@deepseek-ai/cordis@4.0.1)(@deepseek-ai/dsh-invariants@0.1.0-rc.8(@deepseek-ai/cordis@4.0.1)))(@deepseek-ai/dsh-invariants@0.1.0-rc.8(@deepseek-ai/cordis@4.0.1)))(@deepseek-ai/dsh-brand@0.1.0-rc.8(@deepseek-ai/cordis@4.0.1)(@deepseek-ai/dsh-invariants@0.1.0-rc.8(@deepseek-ai/cordis@4.0.1)))(@deepseek-ai/dsh-invariants@0.1.0-rc.8(@deepseek-ai/cordis@4.0.1))(@deepseek-ai/dsh-timeout@0.1.0-rc.8(@deepseek-ai/cordis@4.0.1)(@deepseek-ai/dsh-invariants@0.1.0-rc.8(@deepseek-ai/cordis@4.0.1)))
      '@deepseek-ai/dsh-scope': 0.1.0-rc.8(@deepseek-ai/cordis@4.0.1)(@deepseek-ai/dsh-invariants@0.1.0-rc.8(@deepseek-ai/cordis@4.0.1))
      '@deepseek-ai/dsh-session': 0.1.0-rc.8(515a64abed28c4407a732902f61851de)
      '@deepseek-ai/dsh-system-prompt': 0.1.0-rc.8(@deepseek-ai/cordis@4.0.1)(@deepseek-ai/dsh-invariants@0.1.0-rc.8(@deepseek-ai/cordis@4.0.1))(@deepseek-ai/dsh-llm@0.1.0-rc.6(@deepseek-ai/cordis@4.0.1)(@deepseek-ai/dsh-attachment@0.1.0-rc.8(@deepseek-ai/cordis@4.0.1)(@deepseek-ai/dsh-brand@0.1.0-rc.8(@deepseek-ai/cordis@4.0.1)(@deepseek-ai/dsh-invariants@0.1.0-rc.8(@deepseek-ai/cordis@4.0.1)))(@deepseek-ai/dsh-invariants@0.1.0-rc.8(@deepseek-ai/cordis@4.0.1)))(@deepseek-ai/dsh-brand@0.1.0-rc.8(@deepseek-ai/cordis@4.0.1)(@deepseek-ai/dsh-invariants@0.1.0-rc.8(@deepseek-ai/cordis@4.0.1)))(@deepseek-ai/dsh-invariants@0.1.0-rc.8(@deepseek-ai/cordis@4.0.1))(@deepseek-ai/dsh-timeout@0.1.0-rc.8(@deepseek-ai/cordis@4.0.1)(@deepseek-ai/dsh-invariants@0.1.0-rc.8(@deepseek-ai/cordis@4.0.1))))(@deepseek-ai/dsh-scope@0.1.0-rc.8(@deepseek-ai/cordis@4.0.1)(@deepseek-ai/dsh-invariants@0.1.0-rc.8(@deepseek-ai/cordis@4.0.1)))
      '@deepseek-ai/dsh-user-approval': 0.1.0-rc.6(bbe3fe06525ac2303af07c0714eebb00)
      '@deepseek-ai/schemastery': 3.18.1

  '@deepseek-ai/dsh-typert-protocol@0.1.0-rc.8(@deepseek-ai/cordis@4.0.1)(@deepseek-ai/dsh-invariants@0.1.0-rc.8(@deepseek-ai/cordis@4.0.1))':
    dependencies:
      '@deepseek-ai/cordis': 4.0.1
      '@deepseek-ai/dsh-invariants': 0.1.0-rc.8(@deepseek-ai/cordis@4.0.1)

  '@deepseek-ai/dsh-user-approval@0.1.0-rc.6(bbe3fe06525ac2303af07c0714eebb00)':
    dependencies:
      '@deepseek-ai/cordis': 4.0.1
      '@deepseek-ai/dsh-agent': 0.1.0-rc.6(887cefc1fafe0c24780af3a871b47dc6)
      '@deepseek-ai/dsh-brand': 0.1.0-rc.8(@deepseek-ai/cordis@4.0.1)(@deepseek-ai/dsh-invariants@0.1.0-rc.8(@deepseek-ai/cordis@4.0.1))
      '@deepseek-ai/dsh-invariants': 0.1.0-rc.8(@deepseek-ai/cordis@4.0.1)
      '@deepseek-ai/dsh-llm': 0.1.0-rc.6(@deepseek-ai/cordis@4.0.1)(@deepseek-ai/dsh-attachment@0.1.0-rc.8(@deepseek-ai/cordis@4.0.1)(@deepseek-ai/dsh-brand@0.1.0-rc.8(@deepseek-ai/cordis@4.0.1)(@deepseek-ai/dsh-invariants@0.1.0-rc.8(@deepseek-ai/cordis@4.0.1)))(@deepseek-ai/dsh-invariants@0.1.0-rc.8(@deepseek-ai/cordis@4.0.1)))(@deepseek-ai/dsh-brand@0.1.0-rc.8(@deepseek-ai/cordis@4.0.1)(@deepseek-ai/dsh-invariants@0.1.0-rc.8(@deepseek-ai/cordis@4.0.1)))(@deepseek-ai/dsh-invariants@0.1.0-rc.8(@deepseek-ai/cordis@4.0.1))(@deepseek-ai/dsh-timeout@0.1.0-rc.8(@deepseek-ai/cordis@4.0.1)(@deepseek-ai/dsh-invariants@0.1.0-rc.8(@deepseek-ai/cordis@4.0.1)))
      '@deepseek-ai/dsh-scope': 0.1.0-rc.8(@deepseek-ai/cordis@4.0.1)(@deepseek-ai/dsh-invariants@0.1.0-rc.8(@deepseek-ai/cordis@4.0.1))
      '@deepseek-ai/dsh-session': 0.1.0-rc.8(515a64abed28c4407a732902f61851de)
      '@deepseek-ai/dsh-system-prompt': 0.1.0-rc.8(@deepseek-ai/cordis@4.0.1)(@deepseek-ai/dsh-invariants@0.1.0-rc.8(@deepseek-ai/cordis@4.0.1))(@deepseek-ai/dsh-llm@0.1.0-rc.6(@deepseek-ai/cordis@4.0.1)(@deepseek-ai/dsh-attachment@0.1.0-rc.8(@deepseek-ai/cordis@4.0.1)(@deepseek-ai/dsh-brand@0.1.0-rc.8(@deepseek-ai/cordis@4.0.1)(@deepseek-ai/dsh-invariants@0.1.0-rc.8(@deepseek-ai/cordis@4.0.1)))(@deepseek-ai/dsh-invariants@0.1.0-rc.8(@deepseek-ai/cordis@4.0.1)))(@deepseek-ai/dsh-brand@0.1.0-rc.8(@deepseek-ai/cordis@4.0.1)(@deepseek-ai/dsh-invariants@0.1.0-rc.8(@deepseek-ai/cordis@4.0.1)))(@deepseek-ai/dsh-invariants@0.1.0-rc.8(@deepseek-ai/cordis@4.0.1))(@deepseek-ai/dsh-timeout@0.1.0-rc.8(@deepseek-ai/cordis@4.0.1)(@deepseek-ai/dsh-invariants@0.1.0-rc.8(@deepseek-ai/cordis@4.0.1))))(@deepseek-ai/dsh-scope@0.1.0-rc.8(@deepseek-ai/cordis@4.0.1)(@deepseek-ai/dsh-invariants@0.1.0-rc.8(@deepseek-ai/cordis@4.0.1)))
      '@deepseek-ai/schemastery': 3.18.1

  '@deepseek-ai/dsh-user-approval@0.1.0-rc.6(ccb92e0d29447fe473b2773aadf9df7c)':
    dependencies:
      '@deepseek-ai/cordis': 4.0.1
      '@deepseek-ai/dsh-agent': 0.1.0-rc.6(7a211c14c9f0b676ce5f3d40d717680a)
      '@deepseek-ai/dsh-brand': 0.1.0-rc.8(@deepseek-ai/cordis@4.0.1)(@deepseek-ai/dsh-invariants@0.1.0-rc.8(@deepseek-ai/cordis@4.0.1))
      '@deepseek-ai/dsh-invariants': 0.1.0-rc.8(@deepseek-ai/cordis@4.0.1)
      '@deepseek-ai/dsh-llm': 0.1.0-rc.6(@deepseek-ai/cordis@4.0.1)(@deepseek-ai/dsh-attachment@0.1.0-rc.8(@deepseek-ai/cordis@4.0.1)(@deepseek-ai/dsh-brand@0.1.0-rc.8(@deepseek-ai/cordis@4.0.1)(@deepseek-ai/dsh-invariants@0.1.0-rc.8(@deepseek-ai/cordis@4.0.1)))(@deepseek-ai/dsh-invariants@0.1.0-rc.8(@deepseek-ai/cordis@4.0.1)))(@deepseek-ai/dsh-brand@0.1.0-rc.8(@deepseek-ai/cordis@4.0.1)(@deepseek-ai/dsh-invariants@0.1.0-rc.8(@deepseek-ai/cordis@4.0.1)))(@deepseek-ai/dsh-invariants@0.1.0-rc.8(@deepseek-ai/cordis@4.0.1))(@deepseek-ai/dsh-timeout@0.1.0-rc.8(@deepseek-ai/cordis@4.0.1)(@deepseek-ai/dsh-invariants@0.1.0-rc.8(@deepseek-ai/cordis@4.0.1)))
      '@deepseek-ai/dsh-scope': 0.1.0-rc.8(@deepseek-ai/cordis@4.0.1)(@deepseek-ai/dsh-invariants@0.1.0-rc.8(@deepseek-ai/cordis@4.0.1))
      '@deepseek-ai/dsh-session': 0.1.0-rc.8(515a64abed28c4407a732902f61851de)
      '@deepseek-ai/dsh-system-prompt': 0.1.0-rc.6(@deepseek-ai/cordis@4.0.1)(@deepseek-ai/dsh-invariants@0.1.0-rc.8(@deepseek-ai/cordis@4.0.1))(@deepseek-ai/dsh-llm@0.1.0-rc.6(@deepseek-ai/cordis@4.0.1)(@deepseek-ai/dsh-attachment@0.1.0-rc.8(@deepseek-ai/cordis@4.0.1)(@deepseek-ai/dsh-brand@0.1.0-rc.8(@deepseek-ai/cordis@4.0.1)(@deepseek-ai/dsh-invariants@0.1.0-rc.8(@deepseek-ai/cordis@4.0.1)))(@deepseek-ai/dsh-invariants@0.1.0-rc.8(@deepseek-ai/cordis@4.0.1)))(@deepseek-ai/dsh-brand@0.1.0-rc.8(@deepseek-ai/cordis@4.0.1)(@deepseek-ai/dsh-invariants@0.1.0-rc.8(@deepseek-ai/cordis@4.0.1)))(@deepseek-ai/dsh-invariants@0.1.0-rc.8(@deepseek-ai/cordis@4.0.1))(@deepseek-ai/dsh-timeout@0.1.0-rc.8(@deepseek-ai/cordis@4.0.1)(@deepseek-ai/dsh-invariants@0.1.0-rc.8(@deepseek-ai/cordis@4.0.1))))(@deepseek-ai/dsh-scope@0.1.0-rc.8(@deepseek-ai/cordis@4.0.1)(@deepseek-ai/dsh-invariants@0.1.0-rc.8(@deepseek-ai/cordis@4.0.1)))
      '@deepseek-ai/schemastery': 3.18.1

  '@deepseek-ai/schemastery@3.18.1':
    dependencies:
      '@deepseek-ai/cosmokit': 1.8.2
      '@standard-schema/spec': 1.1.0

  '@standard-schema/spec@1.1.0': {}

  typescript@5.9.3: {}

  zod@4.4.3: {}
